{
  "name": "rlm-server",
  "version": "1.0.0",
  "lockfileVersion": 3,
  "requires": true,
  "packages": {
    "": {
      "name": "rlm-server",
      "version": "1.0.0",
      "license": "MIT",
      "dependencies": {
        "@yuemi-development/rlm-js": "^1.0.3"
      }
    },
    "node_modules/@anthropic-ai/sdk": {
      "version": "0.78.0",
      "resolved": "https://registry.npmjs.org/@anthropic-ai/sdk/-/sdk-0.78.0.tgz",
      "integrity": "sha512-PzQhR715td/m1UaaN5hHXjYB8Gl2lF9UVhrrGrZeysiF6Rb74Wc9GCB8hzLdzmQtBd1qe89F9OptgB9Za1Ib5w==",
      "license": "MIT",
      "dependencies": {
        "json-schema-to-ts": "^3.1.1"
      },
      "bin": {
        "anthropic-ai-sdk": "bin/cli"
      },
      "peerDependencies": {
        "zod": "^3.25.0 || ^4.0.0"
      },
      "peerDependenciesMeta": {
        "zod": {
          "optional": true
        }
      }
    },
    "node_modules/@babel/runtime": {
      "version": "7.28.6",
      "resolved": "https://registry.npmjs.org/@babel/runtime/-/runtime-7.28.6.tgz",
      "integrity": "sha512-05WQkdpL9COIMz4LjTxGpPNCdlpyimKppYNoJ5Di5EUObifl8t4tuLuUBBZEpoLYOmfvIWrsp9fCl0HoPRVTdA==",
      "license": "MIT",
      "engines": {
        "node": ">=6.9.0"
      }
    },
    "node_modules/@openrouter/sdk": {
      "version": "0.9.11",
      "resolved": "https://registry.npmjs.org/@openrouter/sdk/-/sdk-0.9.11.tgz",
      "integrity": "sha512-BgFu6NcIJO4a9aVjr04y3kZ8pyM71j15I+bzfVAGEvxnj+KQNIkBYQGgwrG3D+aT1QpDKLki8btcQmpaxUas6A==",
      "hasInstallScript": true,
      "license": "Apache-2.0",
      "dependencies": {
        "zod": "^3.25.0 || ^4.0.0"
      }
    },
    "node_modules/@yuemi-development/rlm-js": {
      "version": "1.0.3",
      "resolved": "https://git.yuemi.my.id/api/packages/YueMi-Development/npm/%40yuemi-development%2Frlm-js/-/1.0.3/rlm-js-1.0.3.tgz",
      "integrity": "sha512-ou0Mcn+wu63pb3FC4S48Ypj8MadHbjQzwTCyR7zW+FgH3hlqqHryY2svXTOQMdhvI+xbi40XaJWgLPvuaYX5Gw==",
      "license": "MIT",
      "dependencies": {
        "@anthropic-ai/sdk": "^0.78.0",
        "@openrouter/sdk": "^0.9.11",
        "openai": "^6.27.0",
        "uuid": "^13.0.0"
      }
    },
    "node_modules/json-schema-to-ts": {
      "version": "3.1.1",
      "resolved": "https://registry.npmjs.org/json-schema-to-ts/-/json-schema-to-ts-3.1.1.tgz",
      "integrity": "sha512-+DWg8jCJG2TEnpy7kOm/7/AxaYoaRbjVB4LFZLySZlWn8exGs3A4OLJR966cVvU26N7X9TWxl+Jsw7dzAqKT6g==",
      "license": "MIT",
      "dependencies": {
        "@babel/runtime": "^7.18.3",
        "ts-algebra": "^2.0.0"
      },
      "engines": {
        "node": ">=16"
      }
    },
    "node_modules/openai": {
      "version": "6.27.0",
      "resolved": "https://registry.npmjs.org/openai/-/openai-6.27.0.tgz",
      "integrity": "sha512-osTKySlrdYrLYTt0zjhY8yp0JUBmWDCN+Q+QxsV4xMQnnoVFpylgKGgxwN8sSdTNw0G4y+WUXs4eCMWpyDNWZQ==",
      "license": "Apache-2.0",
      "bin": {
        "openai": "bin/cli"
      },
      "peerDependencies": {
        "ws": "^8.18.0",
        "zod": "^3.25 || ^4.0"
      },
      "peerDependenciesMeta": {
        "ws": {
          "optional": true
        },
        "zod": {
          "optional": true
        }
      }
    },
    "node_modules/ts-algebra": {
      "version": "2.0.0",
      "resolved": "https://registry.npmjs.org/ts-algebra/-/ts-algebra-2.0.0.tgz",
      "integrity": "sha512-FPAhNPFMrkwz76P7cdjdmiShwMynZYN6SgOujD1urY4oNm80Ou9oMdmbR45LotcKOXoy7wSmHkRFE6Mxbrhefw==",
      "license": "MIT"
    },
    "node_modules/uuid": {
      "version": "13.0.0",
      "resolved": "https://registry.npmjs.org/uuid/-/uuid-13.0.0.tgz",
      "integrity": "sha512-XQegIaBTVUjSHliKqcnFqYypAd4S+WCYt5NIeRs6w/UAry7z8Y9j5ZwRRL4kzq9U3sD6v+85er9FvkEaBpji2w==",
      "funding": [
        "https://github.com/sponsors/broofa",
        "https://github.com/sponsors/ctavan"
      ],
      "license": "MIT",
      "bin": {
        "uuid": "dist-node/bin/uuid"
      }
    },
    "node_modules/zod": {
      "version": "4.3.6",
      "resolved": "https://registry.npmjs.org/zod/-/zod-4.3.6.tgz",
      "integrity": "sha512-rftlrkhHZOcjDwkGlnUtZZkvaPHCsDATp4pGpuOOMDaTdDDXF91wuVDJoWoPsKX/3YPQ5fHuF3STjcYyKr+Qhg==",
      "license": "MIT",
      "funding": {
        "url": "https://github.com/sponsors/colinhacks"
      }
    }
  }
}
